
Microsoft Visual Studio Solution File, Format Version 12.00
# Visual Studio 15
VisualStudioVersion = 15.0.26403.3
MinimumVisualStudioVersion = 10.0.40219.1
Project("{FAE04EC0-301F-11D3-BF4B-00C04F79EFBC}") = "P1", "P1\P1.csproj", "{6954A5F8-60F2-484A-8181-2B2032373509}"
EndProject
Project("{FAE04EC0-301F-11D3-BF4B-00C04F79EFBC}") = "P2", "P2\P2.csproj", "{CFFDB7F4-160E-4347-8C5E-7B96A71BBBD5}"
EndProject
Project("{2150E333-8FDC-42A3-9474-1A3956D46DE8}") = "Solution Items", "Solution Items", "{865BD762-ED1F-416C-AF06-82950D5C773C}"
	ProjectSection(SolutionItems) = preProject
		testFile.txt = testFile.txt
	EndProjectSection
EndProject
Global
	GlobalSection(SolutionConfigurationPlatforms) = preSolution
		Debug|Any CPU = Debug|Any CPU
		Release|Any CPU = Release|Any CPU
	EndGlobalSection
	GlobalSection(ProjectConfigurationPlatforms) = postSolution
		{6954A5F8-60F2-484A-8181-2B2032373509}.Debug|Any CPU.ActiveCfg = Debug|Any CPU
		{6954A5F8-60F2-484A-8181-2B2032373509}.Debug|Any CPU.Build.0 = Debug|Any CPU
		{6954A5F8-60F2-484A-8181-2B2032373509}.Release|Any CPU.ActiveCfg = Release|Any CPU
		{6954A5F8-60F2-484A-8181-2B2032373509}.Release|Any CPU.Build.0 = Release|Any CPU
		{CFFDB7F4-160E-4347-8C5E-7B96A71BBBD5}.Debug|Any CPU.ActiveCfg = Debug|Any CPU
		{CFFDB7F4-160E-4347-8C5E-7B96A71BBBD5}.Debug|Any CPU.Build.0 = Debug|Any CPU
		{CFFDB7F4-160E-4347-8C5E-7B96A71BBBD5}.Release|Any CPU.ActiveCfg = Release|Any CPU
		{CFFDB7F4-160E-4347-8C5E-7B96A71BBBD5}.Release|Any CPU.Build.0 = Release|Any CPU
	EndGlobalSection
	GlobalSection(SolutionProperties) = preSolution
		HideSolutionNode = FALSE
	EndGlobalSection
EndGlobal
